
Microsoft Visual Studio Solution File, Format Version 12.00
# Visual Studio Version 17
VisualStudioVersion = 17.14.36518.9
MinimumVisualStudioVersion = 10.0.40219.1
Project("{8BC9CEB8-8B4A-11D0-8D11-00A0C91BC942}") = "Sample-Test1", "Sample-Test1\Sample-Test1.vcxproj", "{8F9750FE-23BA-4F77-B91E-013E9F0318B8}"
EndProject
Project("{8BC9CEB8-8B4A-11D0-8D11-00A0C91BC942}") = "UnitTest2", "UnitTest2\UnitTest2.vcxproj", "{A092C3DB-0F83-C367-E644-D421B46EF63E}"
EndProject
Project("{8BC9CEB8-8B4A-11D0-8D11-00A0C91BC942}") = "Project2", "Project2\Project2.vcxproj", "{D5A92F1C-A7C7-47C0-BCBF-2F1A69D8485F}"
EndProject
Project("{8BC9CEB8-8B4A-11D0-8D11-00A0C91BC942}") = "Project3", "Project3\Project3.vcxproj", "{8399D804-70F3-4294-AC1F-DF23F10C76C1}"
EndProject
Global
	GlobalSection(SolutionConfigurationPlatforms) = preSolution
		Debug|x64 = Debug|x64
		Debug|x86 = Debug|x86
		Release|x64 = Release|x64
		Release|x86 = Release|x86
	EndGlobalSection
	GlobalSection(ProjectConfigurationPlatforms) = postSolution
		{8F9750FE-23BA-4F77-B91E-013E9F0318B8}.Debug|x64.ActiveCfg = Debug|x64
		{8F9750FE-23BA-4F77-B91E-013E9F0318B8}.Debug|x64.Build.0 = Debug|x64
		{8F9750FE-23BA-4F77-B91E-013E9F0318B8}.Debug|x86.ActiveCfg = Debug|Win32
		{8F9750FE-23BA-4F77-B91E-013E9F0318B8}.Debug|x86.Build.0 = Debug|Win32
		{8F9750FE-23BA-4F77-B91E-013E9F0318B8}.Release|x64.ActiveCfg = Release|x64
		{8F9750FE-23BA-4F77-B91E-013E9F0318B8}.Release|x64.Build.0 = Release|x64
		{8F9750FE-23BA-4F77-B91E-013E9F0318B8}.Release|x86.ActiveCfg = Release|Win32
		{8F9750FE-23BA-4F77-B91E-013E9F0318B8}.Release|x86.Build.0 = Release|Win32
		{A092C3DB-0F83-C367-E644-D421B46EF63E}.Debug|x64.ActiveCfg = Debug|x64
		{A092C3DB-0F83-C367-E644-D421B46EF63E}.Debug|x64.Build.0 = Debug|x64
		{A092C3DB-0F83-C367-E644-D421B46EF63E}.Debug|x86.ActiveCfg = Debug|Win32
		{A092C3DB-0F83-C367-E644-D421B46EF63E}.Debug|x86.Build.0 = Debug|Win32
		{A092C3DB-0F83-C367-E644-D421B46EF63E}.Release|x64.ActiveCfg = Release|x64
		{A092C3DB-0F83-C367-E644-D421B46EF63E}.Release|x64.Build.0 = Release|x64
		{A092C3DB-0F83-C367-E644-D421B46EF63E}.Release|x86.ActiveCfg = Release|Win32
		{A092C3DB-0F83-C367-E644-D421B46EF63E}.Release|x86.Build.0 = Release|Win32
		{D5A92F1C-A7C7-47C0-BCBF-2F1A69D8485F}.Debug|x64.ActiveCfg = Debug|x64
		{D5A92F1C-A7C7-47C0-BCBF-2F1A69D8485F}.Debug|x64.Build.0 = Debug|x64
		{D5A92F1C-A7C7-47C0-BCBF-2F1A69D8485F}.Debug|x86.ActiveCfg = Debug|Win32
		{D5A92F1C-A7C7-47C0-BCBF-2F1A69D8485F}.Debug|x86.Build.0 = Debug|Win32
		{D5A92F1C-A7C7-47C0-BCBF-2F1A69D8485F}.Release|x64.ActiveCfg = Release|x64
		{D5A92F1C-A7C7-47C0-BCBF-2F1A69D8485F}.Release|x64.Build.0 = Release|x64
		{D5A92F1C-A7C7-47C0-BCBF-2F1A69D8485F}.Release|x86.ActiveCfg = Release|Win32
		{D5A92F1C-A7C7-47C0-BCBF-2F1A69D8485F}.Release|x86.Build.0 = Release|Win32
		{8399D804-70F3-4294-AC1F-DF23F10C76C1}.Debug|x64.ActiveCfg = Debug|x64
		{8399D804-70F3-4294-AC1F-DF23F10C76C1}.Debug|x64.Build.0 = Debug|x64
		{8399D804-70F3-4294-AC1F-DF23F10C76C1}.Debug|x86.ActiveCfg = Debug|Win32
		{8399D804-70F3-4294-AC1F-DF23F10C76C1}.Debug|x86.Build.0 = Debug|Win32
		{8399D804-70F3-4294-AC1F-DF23F10C76C1}.Release|x64.ActiveCfg = Release|x64
		{8399D804-70F3-4294-AC1F-DF23F10C76C1}.Release|x64.Build.0 = Release|x64
		{8399D804-70F3-4294-AC1F-DF23F10C76C1}.Release|x86.ActiveCfg = Release|Win32
		{8399D804-70F3-4294-AC1F-DF23F10C76C1}.Release|x86.Build.0 = Release|Win32
	EndGlobalSection
	GlobalSection(SolutionProperties) = preSolution
		HideSolutionNode = FALSE
	EndGlobalSection
	GlobalSection(ExtensibilityGlobals) = postSolution
		SolutionGuid = {83E874A0-09F6-4B31-AD9B-4DF8FCEB31A9}
	EndGlobalSection
EndGlobal
